// !$*UTF8*$!
{
	archiveVersion = 1;
	classes = {
	};
	objectVersion = 46;
	objects = {

/* Begin PBXBuildFile section */
		2A037E871D99726C0074AD83 /* Forecast.swift in Sources */ = {isa = PBXBuildFile; fileRef = 2A037E861D99726C0074AD83 /* Forecast.swift */; };
		2A037E891D9AB9D40074AD83 /* ForecastHandler.swift in Sources */ = {isa = PBXBuildFile; fileRef = 2A037E881D9AB9D40074AD83 /* ForecastHandler.swift */; };
		2A037E8B1D9AC2F70074AD83 /* WeatherCell.swift in Sources */ = {isa = PBXBuildFile; fileRef = 2A037E8A1D9AC2F70074AD83 /* WeatherCell.swift */; };
		2A2EA9F51D921B370051BDB3 /* AppDelegate.swift in Sources */ = {isa = PBXBuildFile; fileRef = 2A2EA9F41D921B370051BDB3 /* AppDelegate.swift */; };
		2A2EA9F71D921B370051BDB3 /* WeatherViewController.swift in Sources */ = {isa = PBXBuildFile; fileRef = 2A2EA9F61D921B370051BDB3 /* WeatherViewController.swift */; };
		2A2EA9FA1D921B370051BDB3 /* Main.storyboard in Resources */ = {isa = PBXBuildFile; fileRef = 2A2EA9F81D921B370051BDB3 /* Main.storyboard */; };
		2A2EA9FC1D921B370051BDB3 /* Assets.xcassets in Resources */ = {isa = PBXBuildFile; fileRef = 2A2EA9FB1D921B370051BDB3 /* Assets.xcassets */; };
		2A2EA9FF1D921B370051BDB3 /* LaunchScreen.storyboard in Resources */ = {isa = PBXBuildFile; fileRef = 2A2EA9FD1D921B370051BDB3 /* LaunchScreen.storyboard */; };
		2A7BB2831D94247E00B9C99D /* Constants.swift in Sources */ = {isa = PBXBuildFile; fileRef = 2A7BB2821D94247E00B9C99D /* Constants.swift */; };
		2A7BB2851D9424E400B9C99D /* CurrentWeatherHandler.swift in Sources */ = {isa = PBXBuildFile; fileRef = 2A7BB2841D9424E400B9C99D /* CurrentWeatherHandler.swift */; };
		2B006AEF50B602A55534EF95 /* Pods_rainy_shiny.framework in Frameworks */ = {isa = PBXBuildFile; fileRef = 9D6947E7CF947FB5528F1C99 /* Pods_rainy_shiny.framework */; };
/* End PBXBuildFile section */

/* Begin PBXFileReference section */
		2A037E861D99726C0074AD83 /* Forecast.swift */ = {isa = PBXFileReference; fileEncoding = 4; lastKnownFileType = sourcecode.swift; path = Forecast.swift; sourceTree = "<group>"; };
		2A037E881D9AB9D40074AD83 /* ForecastHandler.swift */ = {isa = PBXFileReference; fileEncoding = 4; lastKnownFileType = sourcecode.swift; path = ForecastHandler.swift; sourceTree = "<group>"; };
		2A037E8A1D9AC2F70074AD83 /* WeatherCell.swift */ = {isa = PBXFileReference; fileEncoding = 4; lastKnownFileType = sourcecode.swift; path = WeatherCell.swift; sourceTree = "<group>"; };
		2A2EA9F11D921B370051BDB3 /* rainy-shiny.app */ = {isa = PBXFileReference; explicitFileType = wrapper.application; includeInIndex = 0; path = "rainy-shiny.app"; sourceTree = BUILT_PRODUCTS_DIR; };
		2A2EA9F41D921B370051BDB3 /* AppDelegate.swift */ = {isa = PBXFileReference; lastKnownFileType = sourcecode.swift; path = AppDelegate.swift; sourceTree = "<group>"; };
		2A2EA9F61D921B370051BDB3 /* WeatherViewController.swift */ = {isa = PBXFileReference; lastKnownFileType = sourcecode.swift; path = WeatherViewController.swift; sourceTree = "<group>"; };
		2A2EA9F91D921B370051BDB3 /* Base */ = {isa = PBXFileReference; lastKnownFileType = file.storyboard; name = Base; path = Base.lproj/Main.storyboard; sourceTree = "<group>"; };
		2A2EA9FB1D921B370051BDB3 /* Assets.xcassets */ = {isa = PBXFileReference; lastKnownFileType = folder.assetcatalog; path = Assets.xcassets; sourceTree = "<group>"; };
		2A2EA9FE1D921B370051BDB3 /* Base */ = {isa = PBXFileReference; lastKnownFileType = file.storyboard; name = Base; path = Base.lproj/LaunchScreen.storyboard; sourceTree = "<group>"; };
		2A2EAA001D921B370051BDB3 /* Info.plist */ = {isa = PBXFileReference; lastKnownFileType = text.plist.xml; path = Info.plist; sourceTree = "<group>"; };
		2A7BB2821D94247E00B9C99D /* Constants.swift */ = {isa = PBXFileReference; fileEncoding = 4; lastKnownFileType = sourcecode.swift; path = Constants.swift; sourceTree = "<group>"; };
		2A7BB2841D9424E400B9C99D /* CurrentWeatherHandler.swift */ = {isa = PBXFileReference; fileEncoding = 4; lastKnownFileType = sourcecode.swift; path = CurrentWeatherHandler.swift; sourceTree = "<group>"; };
		6186811C3C465DDCFB1B7534 /* Pods-rainy-shiny.debug.xcconfig */ = {isa = PBXFileReference; includeInIndex = 1; lastKnownFileType = text.xcconfig; name = "Pods-rainy-shiny.debug.xcconfig"; path = "Pods/Target Support Files/Pods-rainy-shiny/Pods-rainy-shiny.debug.xcconfig"; sourceTree = "<group>"; };
		9D6947E7CF947FB5528F1C99 /* Pods_rainy_shiny.framework */ = {isa = PBXFileReference; explicitFileType = wrapper.framework; includeInIndex = 0; path = Pods_rainy_shiny.framework; sourceTree = BUILT_PRODUCTS_DIR; };
		A692B704A51553DD40661E53 /* Pods-rainy-shiny.release.xcconfig */ = {isa = PBXFileReference; includeInIndex = 1; lastKnownFileType = text.xcconfig; name = "Pods-rainy-shiny.release.xcconfig"; path = "Pods/Target Support Files/Pods-rainy-shiny/Pods-rainy-shiny.release.xcconfig"; sourceTree = "<group>"; };
/* End PBXFileReference section */

/* Begin PBXFrameworksBuildPhase section */
		2A2EA9EE1D921B370051BDB3 /* Frameworks */ = {
			isa = PBXFrameworksBuildPhase;
			buildActionMask = 2147483647;
			files = (
				2B006AEF50B602A55534EF95 /* Pods_rainy_shiny.framework in Frameworks */,
			);
			runOnlyForDeploymentPostprocessing = 0;
		};
/* End PBXFrameworksBuildPhase section */

/* Begin PBXGroup section */
		2A037E841D99685C0074AD83 /* Util */ = {
			isa = PBXGroup;
			children = (
				2A7BB2841D9424E400B9C99D /* CurrentWeatherHandler.swift */,
				2A7BB2821D94247E00B9C99D /* Constants.swift */,
				2A037E861D99726C0074AD83 /* Forecast.swift */,
				2A037E881D9AB9D40074AD83 /* ForecastHandler.swift */,
			);
			name = Util;
			sourceTree = "<group>";
		};
		2A037E851D9968610074AD83 /* Controller */ = {
			isa = PBXGroup;
			children = (
				2A2EA9F61D921B370051BDB3 /* WeatherViewController.swift */,
			);
			name = Controller;
			sourceTree = "<group>";
		};
		2A037E8C1D9AC2FA0074AD83 /* View */ = {
			isa = PBXGroup;
			children = (
				2A037E8A1D9AC2F70074AD83 /* WeatherCell.swift */,
			);
			name = View;
			sourceTree = "<group>";
		};
		2A2EA9E81D921B370051BDB3 = {
			isa = PBXGroup;
			children = (
				2A2EA9F31D921B370051BDB3 /* rainy-shiny */,
				2A2EA9F21D921B370051BDB3 /* Products */,
				506C65351EBF391A9CA13839 /* Pods */,
				6A70C51EE0E73F63216473D9 /* Frameworks */,
			);
			sourceTree = "<group>";
		};
		2A2EA9F21D921B370051BDB3 /* Products */ = {
			isa = PBXGroup;
			children = (
				2A2EA9F11D921B370051BDB3 /* rainy-shiny.app */,
			);
			name = Products;
			sourceTree = "<group>";
		};
		2A2EA9F31D921B370051BDB3 /* rainy-shiny */ = {
			isa = PBXGroup;
			children = (
				2A037E8C1D9AC2FA0074AD83 /* View */,
				2A037E851D9968610074AD83 /* Controller */,
				2A037E841D99685C0074AD83 /* Util */,
				2A2EA9F41D921B370051BDB3 /* AppDelegate.swift */,
				2A2EA9F81D921B370051BDB3 /* Main.storyboard */,
				2A2EA9FB1D921B370051BDB3 /* Assets.xcassets */,
				2A2EA9FD1D921B370051BDB3 /* LaunchScreen.storyboard */,
				2A2EAA001D921B370051BDB3 /* Info.plist */,
			);
			path = "rainy-shiny";
			sourceTree = "<group>";
		};
		506C65351EBF391A9CA13839 /* Pods */ = {
			isa = PBXGroup;
			children = (
				6186811C3C465DDCFB1B7534 /* Pods-rainy-shiny.debug.xcconfig */,
				A692B704A51553DD40661E53 /* Pods-rainy-shiny.release.xcconfig */,
			);
			name = Pods;
			sourceTree = "<group>";
		};
		6A70C51EE0E73F63216473D9 /* Frameworks */ = {
			isa = PBXGroup;
			children = (
				9D6947E7CF947FB5528F1C99 /* Pods_rainy_shiny.framework */,
			);
			name = Frameworks;
			sourceTree = "<group>";
		};
/* End PBXGroup section */

/* Begin PBXNativeTarget section */
		2A2EA9F01D921B370051BDB3 /* rainy-shiny */ = {
			isa = PBXNativeTarget;
			buildConfigurationList = 2A2EAA031D921B370051BDB3 /* Build configuration list for PBXNativeTarget "rainy-shiny" */;
			buildPhases = (
				4F7DDCE6325F50094FC95410 /* [CP] Check Pods Manifest.lock */,
				2A2EA9ED1D921B370051BDB3 /* Sources */,
				2A2EA9EE1D921B370051BDB3 /* Frameworks */,
				2A2EA9EF1D921B370051BDB3 /* Resources */,
				2344DC3D8E7DDD50846634EC /* [CP] Embed Pods Frameworks */,
				8C6A7073C8FAD45F06B224E6 /* [CP] Copy Pods Resources */,
			);
			buildRules = (
			);
			dependencies = (
			);
			name = "rainy-shiny";
			productName = "rainy-shiny";
			productReference = 2A2EA9F11D921B370051BDB3 /* rainy-shiny.app */;
			productType = "com.apple.product-type.application";
		};
/* End PBXNativeTarget section */

/* Begin PBXProject section */
		2A2EA9E91D921B370051BDB3 /* Project object */ = {
			isa = PBXProject;
			attributes = {
				LastSwiftUpdateCheck = 0800;
				LastUpgradeCheck = 0800;
				ORGANIZATIONNAME = "Mason Prey";
				TargetAttributes = {
					2A2EA9F01D921B370051BDB3 = {
						CreatedOnToolsVersion = 8.0;
						DevelopmentTeam = TFX2976FEJ;
						LastSwiftMigration = 0800;
						ProvisioningStyle = Automatic;
					};
				};
			};
			buildConfigurationList = 2A2EA9EC1D921B370051BDB3 /* Build configuration list for PBXProject "rainy-shiny" */;
			compatibilityVersion = "Xcode 3.2";
			developmentRegion = English;
			hasScannedForEncodings = 0;
			knownRegions = (
				en,
				Base,
			);
			mainGroup = 2A2EA9E81D921B370051BDB3;
			productRefGroup = 2A2EA9F21D921B370051BDB3 /* Products */;
			projectDirPath = "";
			projectRoot = "";
			targets = (
				2A2EA9F01D921B370051BDB3 /* rainy-shiny */,
			);
		};
/* End PBXProject section */

/* Begin PBXResourcesBuildPhase section */
		2A2EA9EF1D921B370051BDB3 /* Resources */ = {
			isa = PBXResourcesBuildPhase;
			buildActionMask = 2147483647;
			files = (
				2A2EA9FF1D921B370051BDB3 /* LaunchScreen.storyboard in Resources */,
				2A2EA9FC1D921B370051BDB3 /* Assets.xcassets in Resources */,
				2A2EA9FA1D921B370051BDB3 /* Main.storyboard in Resources */,
			);
			runOnlyForDeploymentPostprocessing = 0;
		};
/* End PBXResourcesBuildPhase section */

/* Begin PBXShellScriptBuildPhase section */
		2344DC3D8E7DDD50846634EC /* [CP] Embed Pods Frameworks */ = {
			isa = PBXShellScriptBuildPhase;
			buildActionMask = 2147483647;
			files = (
			);
			inputPaths = (
			);
			name = "[CP] Embed Pods Frameworks";
			outputPaths = (
			);
			runOnlyForDeploymentPostprocessing = 0;
			shellPath = /bin/sh;
			shellScript = "\"${SRCROOT}/Pods/Target Support Files/Pods-rainy-shiny/Pods-rainy-shiny-frameworks.sh\"\n";
			showEnvVarsInLog = 0;
		};
		4F7DDCE6325F50094FC95410 /* [CP] Check Pods Manifest.lock */ = {
			isa = PBXShellScriptBuildPhase;
			buildActionMask = 2147483647;
			files = (
			);
			inputPaths = (
			);
			name = "[CP] Check Pods Manifest.lock";
			outputPaths = (
			);
			runOnlyForDeploymentPostprocessing = 0;
			shellPath = /bin/sh;
			shellScript = "diff \"${PODS_ROOT}/../Podfile.lock\" \"${PODS_ROOT}/Manifest.lock\" > /dev/null\nif [[ $? != 0 ]] ; then\n    cat << EOM\nerror: The sandbox is not in sync with the Podfile.lock. Run 'pod install' or update your CocoaPods installation.\nEOM\n    exit 1\nfi\n";
			showEnvVarsInLog = 0;
		};
		8C6A7073C8FAD45F06B224E6 /* [CP] Copy Pods Resources */ = {
			isa = PBXShellScriptBuildPhase;
			buildActionMask = 2147483647;
			files = (
			);
			inputPaths = (
			);
			name = "[CP] Copy Pods Resources";
			outputPaths = (
			);
			runOnlyForDeploymentPostprocessing = 0;
			shellPath = /bin/sh;
			shellScript = "\"${SRCROOT}/Pods/Target Support Files/Pods-rainy-shiny/Pods-rainy-shiny-resources.sh\"\n";
			showEnvVarsInLog = 0;
		};
/* End PBXShellScriptBuildPhase section */

/* Begin PBXSourcesBuildPhase section */
		2A2EA9ED1D921B370051BDB3 /* Sources */ = {
			isa = PBXSourcesBuildPhase;
			buildActionMask = 2147483647;
			files = (
				2A2EA9F71D921B370051BDB3 /* WeatherViewController.swift in Sources */,
				2A037E891D9AB9D40074AD83 /* ForecastHandler.swift in Sources */,
				2A2EA9F51D921B370051BDB3 /* AppDelegate.swift in Sources */,
				2A7BB2831D94247E00B9C99D /* Constants.swift in Sources */,
				2A7BB2851D9424E400B9C99D /* CurrentWeatherHandler.swift in Sources */,
				2A037E871D99726C0074AD83 /* Forecast.swift in Sources */,
				2A037E8B1D9AC2F70074AD83 /* WeatherCell.swift in Sources */,
			);
			runOnlyForDeploymentPostprocessing = 0;
		};
/* End PBXSourcesBuildPhase section */

/* Begin PBXVariantGroup section */
		2A2EA9F81D921B370051BDB3 /* Main.storyboard */ = {
			isa = PBXVariantGroup;
			children = (
				2A2EA9F91D921B370051BDB3 /* Base */,
			);
			name = Main.storyboard;
			sourceTree = "<group>";
		};
		2A2EA9FD1D921B370051BDB3 /* LaunchScreen.storyboard */ = {
			isa = PBXVariantGroup;
			children = (
				2A2EA9FE1D921B370051BDB3 /* Base */,
			);
			name = LaunchScreen.storyboard;
			sourceTree = "<group>";
		};
/* End PBXVariantGroup section */

/* Begin XCBuildConfiguration section */
		2A2EAA011D921B370051BDB3 /* Debug */ = {
			isa = XCBuildConfiguration;
			buildSettings = {
				ALWAYS_SEARCH_USER_PATHS = NO;
				CLANG_ANALYZER_NONNULL = YES;
				CLANG_CXX_LANGUAGE_STANDARD = "gnu++0x";
				CLANG_CXX_LIBRARY = "libc++";
				CLANG_ENABLE_MODULES = YES;
				CLANG_ENABLE_OBJC_ARC = YES;
				CLANG_WARN_BOOL_CONVERSION = YES;
				CLANG_WARN_CONSTANT_CONVERSION = YES;
				CLANG_WARN_DIRECT_OBJC_ISA_USAGE = YES_ERROR;
				CLANG_WARN_DOCUMENTATION_COMMENTS = YES;
				CLANG_WARN_EMPTY_BODY = YES;
				CLANG_WARN_ENUM_CONVERSION = YES;
				CLANG_WARN_INFINITE_RECURSION = YES;
				CLANG_WARN_INT_CONVERSION = YES;
				CLANG_WARN_OBJC_ROOT_CLASS = YES_ERROR;
				CLANG_WARN_SUSPICIOUS_MOVE = YES;
				CLANG_WARN_SUSPICIOUS_MOVES = YES;
				CLANG_WARN_UNREACHABLE_CODE = YES;
				CLANG_WARN__DUPLICATE_METHOD_MATCH = YES;
				"CODE_SIGN_IDENTITY[sdk=iphoneos*]" = "iPhone Developer";
				COPY_PHASE_STRIP = NO;
				DEBUG_INFORMATION_FORMAT = dwarf;
				ENABLE_STRICT_OBJC_MSGSEND = YES;
				ENABLE_TESTABILITY = YES;
				GCC_C_LANGUAGE_STANDARD = gnu99;
				GCC_DYNAMIC_NO_PIC = NO;
				GCC_NO_COMMON_BLOCKS = YES;
				GCC_OPTIMIZATION_LEVEL = 0;
				GCC_PREPROCESSOR_DEFINITIONS = (
					"DEBUG=1",
					"$(inherited)",
				);
				GCC_WARN_64_TO_32_BIT_CONVERSION = YES;
				GCC_WARN_ABOUT_RETURN_TYPE = YES_ERROR;
				GCC_WARN_UNDECLARED_SELECTOR = YES;
				GCC_WARN_UNINITIALIZED_AUTOS = YES_AGGRESSIVE;
				GCC_WARN_UNUSED_FUNCTION = YES;
				GCC_WARN_UNUSED_VARIABLE = YES;
				IPHONEOS_DEPLOYMENT_TARGET = 10.0;
				MTL_ENABLE_DEBUG_INFO = YES;
				ONLY_ACTIVE_ARCH = YES;
				SDKROOT = iphoneos;
				SWIFT_ACTIVE_COMPILATION_CONDITIONS = DEBUG;
				SWIFT_OPTIMIZATION_LEVEL = "-Onone";
			};
			name = Debug;
		};
		2A2EAA021D921B370051BDB3 /* Release */ = {
			isa = XCBuildConfiguration;
			buildSettings = {
				ALWAYS_SEARCH_USER_PATHS = NO;
				CLANG_ANALYZER_NONNULL = YES;
				CLANG_CXX_LANGUAGE_STANDARD = "gnu++0x";
				CLANG_CXX_LIBRARY = "libc++";
				CLANG_ENABLE_MODULES = YES;
				CLANG_ENABLE_OBJC_ARC = YES;
				CLANG_WARN_BOOL_CONVERSION = YES;
				CLANG_WARN_CONSTANT_CONVERSION = YES;
				CLANG_WARN_DIRECT_OBJC_ISA_USAGE = YES_ERROR;
				CLANG_WARN_DOCUMENTATION_COMMENTS = YES;
				CLANG_WARN_EMPTY_BODY = YES;
				CLANG_WARN_ENUM_CONVERSION = YES;
				CLANG_WARN_INFINITE_RECURSION = YES;
				CLANG_WARN_INT_CONVERSION = YES;
				CLANG_WARN_OBJC_ROOT_CLASS = YES_ERROR;
				CLANG_WARN_SUSPICIOUS_MOVE = YES;
				CLANG_WARN_SUSPICIOUS_MOVES = YES;
				CLANG_WARN_UNREACHABLE_CODE = YES;
				CLANG_WARN__DUPLICATE_METHOD_MATCH = YES;
				"CODE_SIGN_IDENTITY[sdk=iphoneos*]" = "iPhone Developer";
				COPY_PHASE_STRIP = NO;
				DEBUG_INFORMATION_FORMAT = "dwarf-with-dsym";
				ENABLE_NS_ASSERTIONS = NO;
				ENABLE_STRICT_OBJC_MSGSEND = YES;
				GCC_C_LANGUAGE_STANDARD = gnu99;
				GCC_NO_COMMON_BLOCKS = YES;
				GCC_WARN_64_TO_32_BIT_CONVERSION = YES;
				GCC_WARN_ABOUT_RETURN_TYPE = YES_ERROR;
				GCC_WARN_UNDECLARED_SELECTOR = YES;
				GCC_WARN_UNINITIALIZED_AUTOS = YES_AGGRESSIVE;
				GCC_WARN_UNUSED_FUNCTION = YES;
				GCC_WARN_UNUSED_VARIABLE = YES;
				IPHONEOS_DEPLOYMENT_TARGET = 10.0;
				MTL_ENABLE_DEBUG_INFO = NO;
				SDKROOT = iphoneos;
				SWIFT_OPTIMIZATION_LEVEL = "-Owholemodule";
				VALIDATE_PRODUCT = YES;
			};
			name = Release;
		};
		2A2EAA041D921B370051BDB3 /* Debug */ = {
			isa = XCBuildConfiguration;
			baseConfigurationReference = 6186811C3C465DDCFB1B7534 /* Pods-rainy-shiny.debug.xcconfig */;
			buildSettings = {
				ALWAYS_EMBED_SWIFT_STANDARD_LIBRARIES = YES;
				ASSETCATALOG_COMPILER_APPICON_NAME = AppIcon;
				DEVELOPMENT_TEAM = TFX2976FEJ;
				INFOPLIST_FILE = "rainy-shiny/Info.plist";
				LD_RUNPATH_SEARCH_PATHS = "$(inherited) @executable_path/Frameworks";
				PRODUCT_BUNDLE_IDENTIFIER = "com.mprey.rainy-shiny";
				PRODUCT_NAME = "$(TARGET_NAME)";
				SWIFT_VERSION = 3.0;
			};
			name = Debug;
		};
		2A2EAA051D921B370051BDB3 /* Release */ = {
			isa = XCBuildConfiguration;
			baseConfigurationReference = A692B704A51553DD40661E53 /* Pods-rainy-shiny.release.xcconfig */;
			buildSettings = {
				ALWAYS_EMBED_SWIFT_STANDARD_LIBRARIES = YES;
				ASSETCATALOG_COMPILER_APPICON_NAME = AppIcon;
				DEVELOPMENT_TEAM = TFX2976FEJ;
				INFOPLIST_FILE = "rainy-shiny/Info.plist";
				LD_RUNPATH_SEARCH_PATHS = "$(inherited) @executable_path/Frameworks";
				PRODUCT_BUNDLE_IDENTIFIER = "com.mprey.rainy-shiny";
				PRODUCT_NAME = "$(TARGET_NAME)";
				SWIFT_VERSION = 3.0;
			};
			name = Release;
		};
/* End XCBuildConfiguration section */

/* Begin XCConfigurationList section */
		2A2EA9EC1D921B370051BDB3 /* Build configuration list for PBXProject "rainy-shiny" */ = {
			isa = XCConfigurationList;
			buildConfigurations = (
				2A2EAA011D921B370051BDB3 /* Debug */,
				2A2EAA021D921B370051BDB3 /* Release */,
			);
			defaultConfigurationIsVisible = 0;
			defaultConfigurationName = Release;
		};
		2A2EAA031D921B370051BDB3 /* Build configuration list for PBXNativeTarget "rainy-shiny" */ = {
			isa = XCConfigurationList;
			buildConfigurations = (
				2A2EAA041D921B370051BDB3 /* Debug */,
				2A2EAA051D921B370051BDB3 /* Release */,
			);
			defaultConfigurationIsVisible = 0;
			defaultConfigurationName = Release;
		};
/* End XCConfigurationList section */
	};
	rootObject = 2A2EA9E91D921B370051BDB3 /* Project object */;
}
